# This file is automatically @generated by Cargo.
# It is not intended for manual editing.
[[package]]
name = "autocfg"
version = "1.0.0"
source = "registry+https://github.com/rust-lang/crates.io-index"

[[package]]
name = "float_next_after"
version = "0.1.5"
source = "registry+https://github.com/rust-lang/crates.io-index"
dependencies = [
 "num-traits 0.2.11 (registry+https://github.com/rust-lang/crates.io-index)",
]

[[package]]
name = "geo"
version = "0.13.0"
source = "registry+https://github.com/rust-lang/crates.io-index"
dependencies = [
 "geo-types 0.5.0 (registry+https://github.com/rust-lang/crates.io-index)",
 "num-traits 0.2.11 (registry+https://github.com/rust-lang/crates.io-index)",
 "rstar 0.7.1 (registry+https://github.com/rust-lang/crates.io-index)",
]

[[package]]
name = "geo-booleanop"
version = "0.2.1"
source = "registry+https://github.com/rust-lang/crates.io-index"
dependencies = [
 "float_next_after 0.1.5 (registry+https://github.com/rust-lang/crates.io-index)",
 "geo-types 0.4.3 (registry+https://github.com/rust-lang/crates.io-index)",
 "num-traits 0.2.11 (registry+https://github.com/rust-lang/crates.io-index)",
 "robust 0.1.2 (registry+https://github.com/rust-lang/crates.io-index)",
]

[[package]]
name = "geo-test-rust"
version = "0.1.0"
dependencies = [
 "geo 0.13.0 (registry+https://github.com/rust-lang/crates.io-index)",
 "geo-booleanop 0.2.1 (registry+https://github.com/rust-lang/crates.io-index)",
 "geo-types 0.5.0 (registry+https://github.com/rust-lang/crates.io-index)",
 "geojson 0.18.0 (registry+https://github.com/rust-lang/crates.io-index)",
]

[[package]]
name = "geo-types"
version = "0.4.3"
source = "registry+https://github.com/rust-lang/crates.io-index"
dependencies = [
 "num-traits 0.2.11 (registry+https://github.com/rust-lang/crates.io-index)",
]

[[package]]
name = "geo-types"
version = "0.5.0"
source = "registry+https://github.com/rust-lang/crates.io-index"
dependencies = [
 "num-traits 0.2.11 (registry+https://github.com/rust-lang/crates.io-index)",
 "rstar 0.7.1 (registry+https://github.com/rust-lang/crates.io-index)",
]

[[package]]
name = "geojson"
version = "0.18.0"
source = "registry+https://github.com/rust-lang/crates.io-index"
dependencies = [
 "geo-types 0.5.0 (registry+https://github.com/rust-lang/crates.io-index)",
 "num-traits 0.2.11 (registry+https://github.com/rust-lang/crates.io-index)",
 "serde 1.0.106 (registry+https://github.com/rust-lang/crates.io-index)",
 "serde_json 1.0.51 (registry+https://github.com/rust-lang/crates.io-index)",
]

[[package]]
name = "itoa"
version = "0.4.5"
source = "registry+https://github.com/rust-lang/crates.io-index"

[[package]]
name = "num-traits"
version = "0.2.11"
source = "registry+https://github.com/rust-lang/crates.io-index"
dependencies = [
 "autocfg 1.0.0 (registry+https://github.com/rust-lang/crates.io-index)",
]

[[package]]
name = "pdqselect"
version = "0.1.0"
source = "registry+https://github.com/rust-lang/crates.io-index"

[[package]]
name = "robust"
version = "0.1.2"
source = "registry+https://github.com/rust-lang/crates.io-index"

[[package]]
name = "rstar"
version = "0.7.1"
source = "registry+https://github.com/rust-lang/crates.io-index"
dependencies = [
 "num-traits 0.2.11 (registry+https://github.com/rust-lang/crates.io-index)",
 "pdqselect 0.1.0 (registry+https://github.com/rust-lang/crates.io-index)",
]

[[package]]
name = "ryu"
version = "1.0.4"
source = "registry+https://github.com/rust-lang/crates.io-index"

[[package]]
name = "serde"
version = "1.0.106"
source = "registry+https://github.com/rust-lang/crates.io-index"

[[package]]
name = "serde_json"
version = "1.0.51"
source = "registry+https://github.com/rust-lang/crates.io-index"
dependencies = [
 "itoa 0.4.5 (registry+https://github.com/rust-lang/crates.io-index)",
 "ryu 1.0.4 (registry+https://github.com/rust-lang/crates.io-index)",
 "serde 1.0.106 (registry+https://github.com/rust-lang/crates.io-index)",
]

[metadata]
"checksum autocfg 1.0.0 (registry+https://github.com/rust-lang/crates.io-index)" = "f8aac770f1885fd7e387acedd76065302551364496e46b3dd00860b2f8359b9d"
"checksum float_next_after 0.1.5 (registry+https://github.com/rust-lang/crates.io-index)" = "4fc612c5837986b7104a87a0df74a5460931f1c5274be12f8d0f40aa2f30d632"
"checksum geo 0.13.0 (registry+https://github.com/rust-lang/crates.io-index)" = "6315f3b85322e42fc9967e0f080fff8294f65eddfc222f1a1dd694955b04df4d"
"checksum geo-booleanop 0.2.1 (registry+https://github.com/rust-lang/crates.io-index)" = "a81f9f09c74b4ff6a5a9548c733d7e02337d4202bcc60539ef61869e420f1168"
"checksum geo-types 0.4.3 (registry+https://github.com/rust-lang/crates.io-index)" = "866e8f6dbd2218b05ea8a25daa1bfac32b0515fe7e0a37cb6a7b9ed0ed82a07e"
"checksum geo-types 0.5.0 (registry+https://github.com/rust-lang/crates.io-index)" = "e0ff051e4c51366601441053c37acf84958a795d350fdc02a53a31717f9bae2d"
"checksum geojson 0.18.0 (registry+https://github.com/rust-lang/crates.io-index)" = "c2b6970b36b77807a4ea232fcbc13b29026eab7c7e906500446c1e03d16f43af"
"checksum itoa 0.4.5 (registry+https://github.com/rust-lang/crates.io-index)" = "b8b7a7c0c47db5545ed3fef7468ee7bb5b74691498139e4b3f6a20685dc6dd8e"
"checksum num-traits 0.2.11 (registry+https://github.com/rust-lang/crates.io-index)" = "c62be47e61d1842b9170f0fdeec8eba98e60e90e5446449a0545e5152acd7096"
"checksum pdqselect 0.1.0 (registry+https://github.com/rust-lang/crates.io-index)" = "4ec91767ecc0a0bbe558ce8c9da33c068066c57ecc8bb8477ef8c1ad3ef77c27"
"checksum robust 0.1.2 (registry+https://github.com/rust-lang/crates.io-index)" = "222155e5550abd9100afdcdefbd08aa1b856d226b60e327044ec21b1ece2f78e"
"checksum rstar 0.7.1 (registry+https://github.com/rust-lang/crates.io-index)" = "0650eaaa56cbd1726fd671150fce8ac6ed9d9a25d1624430d7ee9d196052f6b6"
"checksum ryu 1.0.4 (registry+https://github.com/rust-lang/crates.io-index)" = "ed3d612bc64430efeb3f7ee6ef26d590dce0c43249217bddc62112540c7941e1"
"checksum serde 1.0.106 (registry+https://github.com/rust-lang/crates.io-index)" = "36df6ac6412072f67cf767ebbde4133a5b2e88e76dc6187fa7104cd16f783399"
"checksum serde_json 1.0.51 (registry+https://github.com/rust-lang/crates.io-index)" = "da07b57ee2623368351e9a0488bb0b261322a15a6e0ae53e243cbdc0f4208da9"
